// !$*UTF8*$!
{
	archiveVersion = 1;
	classes = {
	};
	objectVersion = 48;
	objects = {

/* Begin PBXBuildFile section */
		CDB1F0E95100E1001BBB0099 /* Pods_Scanner_Plus.framework in Frameworks */ = {isa = PBXBuildFile; fileRef = E63C5505861BF6012D4CCFFC /* Pods_Scanner_Plus.framework */; };
		DFD47FFA1FDE56F30064C929 /* AppDelegate.swift in Sources */ = {isa = PBXBuildFile; fileRef = DFD47FF91FDE56F30064C929 /* AppDelegate.swift */; };
		DFD47FFF1FDE56F30064C929 /* Main.storyboard in Resources */ = {isa = PBXBuildFile; fileRef = DFD47FFD1FDE56F30064C929 /* Main.storyboard */; };
		DFD480011FDE56F30064C929 /* Assets.xcassets in Resources */ = {isa = PBXBuildFile; fileRef = DFD480001FDE56F30064C929 /* Assets.xcassets */; };
		DFD480041FDE56F30064C929 /* LaunchScreen.storyboard in Resources */ = {isa = PBXBuildFile; fileRef = DFD480021FDE56F30064C929 /* LaunchScreen.storyboard */; };
		DFD4800F1FDE56F40064C929 /* Scanner_PlusTests.swift in Sources */ = {isa = PBXBuildFile; fileRef = DFD4800E1FDE56F40064C929 /* Scanner_PlusTests.swift */; };
		DFD4801A1FDE56F40064C929 /* Scanner_PlusUITests.swift in Sources */ = {isa = PBXBuildFile; fileRef = DFD480191FDE56F40064C929 /* Scanner_PlusUITests.swift */; };
		DFD4802B1FDE75010064C929 /* HomeViewController.swift in Sources */ = {isa = PBXBuildFile; fileRef = DFD4802A1FDE75010064C929 /* HomeViewController.swift */; };
		DFD4802D1FDE75160064C929 /* BaseViewController.swift in Sources */ = {isa = PBXBuildFile; fileRef = DFD4802C1FDE75160064C929 /* BaseViewController.swift */; };
		DFD480301FDE75640064C929 /* DUTabbarView.swift in Sources */ = {isa = PBXBuildFile; fileRef = DFD4802F1FDE75640064C929 /* DUTabbarView.swift */; };
		DFD480321FDE75740064C929 /* DUTabbarView.xib in Resources */ = {isa = PBXBuildFile; fileRef = DFD480311FDE75740064C929 /* DUTabbarView.xib */; };
/* End PBXBuildFile section */

/* Begin PBXContainerItemProxy section */
		DFD4800B1FDE56F40064C929 /* PBXContainerItemProxy */ = {
			isa = PBXContainerItemProxy;
			containerPortal = DFD47FEE1FDE56F30064C929 /* Project object */;
			proxyType = 1;
			remoteGlobalIDString = DFD47FF51FDE56F30064C929;
			remoteInfo = "Scanner Plus";
		};
		DFD480161FDE56F40064C929 /* PBXContainerItemProxy */ = {
			isa = PBXContainerItemProxy;
			containerPortal = DFD47FEE1FDE56F30064C929 /* Project object */;
			proxyType = 1;
			remoteGlobalIDString = DFD47FF51FDE56F30064C929;
			remoteInfo = "Scanner Plus";
		};
/* End PBXContainerItemProxy section */

/* Begin PBXFileReference section */
		685C15F73003A10F15F63934 /* Pods-Scanner Plus.debug.xcconfig */ = {isa = PBXFileReference; includeInIndex = 1; lastKnownFileType = text.xcconfig; name = "Pods-Scanner Plus.debug.xcconfig"; path = "Pods/Target Support Files/Pods-Scanner Plus/Pods-Scanner Plus.debug.xcconfig"; sourceTree = "<group>"; };
		DFD47FF61FDE56F30064C929 /* Scanner Plus.app */ = {isa = PBXFileReference; explicitFileType = wrapper.application; includeInIndex = 0; path = "Scanner Plus.app"; sourceTree = BUILT_PRODUCTS_DIR; };
		DFD47FF91FDE56F30064C929 /* AppDelegate.swift */ = {isa = PBXFileReference; lastKnownFileType = sourcecode.swift; path = AppDelegate.swift; sourceTree = "<group>"; };
		DFD47FFE1FDE56F30064C929 /* Base */ = {isa = PBXFileReference; lastKnownFileType = file.storyboard; name = Base; path = Base.lproj/Main.storyboard; sourceTree = "<group>"; };
		DFD480001FDE56F30064C929 /* Assets.xcassets */ = {isa = PBXFileReference; lastKnownFileType = folder.assetcatalog; path = Assets.xcassets; sourceTree = "<group>"; };
		DFD480031FDE56F30064C929 /* Base */ = {isa = PBXFileReference; lastKnownFileType = file.storyboard; name = Base; path = Base.lproj/LaunchScreen.storyboard; sourceTree = "<group>"; };
		DFD480051FDE56F30064C929 /* Info.plist */ = {isa = PBXFileReference; lastKnownFileType = text.plist.xml; path = Info.plist; sourceTree = "<group>"; };
		DFD4800A1FDE56F40064C929 /* Scanner PlusTests.xctest */ = {isa = PBXFileReference; explicitFileType = wrapper.cfbundle; includeInIndex = 0; path = "Scanner PlusTests.xctest"; sourceTree = BUILT_PRODUCTS_DIR; };
		DFD4800E1FDE56F40064C929 /* Scanner_PlusTests.swift */ = {isa = PBXFileReference; lastKnownFileType = sourcecode.swift; path = Scanner_PlusTests.swift; sourceTree = "<group>"; };
		DFD480101FDE56F40064C929 /* Info.plist */ = {isa = PBXFileReference; lastKnownFileType = text.plist.xml; path = Info.plist; sourceTree = "<group>"; };
		DFD480151FDE56F40064C929 /* Scanner PlusUITests.xctest */ = {isa = PBXFileReference; explicitFileType = wrapper.cfbundle; includeInIndex = 0; path = "Scanner PlusUITests.xctest"; sourceTree = BUILT_PRODUCTS_DIR; };
		DFD480191FDE56F40064C929 /* Scanner_PlusUITests.swift */ = {isa = PBXFileReference; lastKnownFileType = sourcecode.swift; path = Scanner_PlusUITests.swift; sourceTree = "<group>"; };
		DFD4801B1FDE56F40064C929 /* Info.plist */ = {isa = PBXFileReference; lastKnownFileType = text.plist.xml; path = Info.plist; sourceTree = "<group>"; };
		DFD4802A1FDE75010064C929 /* HomeViewController.swift */ = {isa = PBXFileReference; lastKnownFileType = sourcecode.swift; path = HomeViewController.swift; sourceTree = "<group>"; };
		DFD4802C1FDE75160064C929 /* BaseViewController.swift */ = {isa = PBXFileReference; lastKnownFileType = sourcecode.swift; path = BaseViewController.swift; sourceTree = "<group>"; };
		DFD4802F1FDE75640064C929 /* DUTabbarView.swift */ = {isa = PBXFileReference; lastKnownFileType = sourcecode.swift; path = DUTabbarView.swift; sourceTree = "<group>"; };
		DFD480311FDE75740064C929 /* DUTabbarView.xib */ = {isa = PBXFileReference; lastKnownFileType = file.xib; path = DUTabbarView.xib; sourceTree = "<group>"; };
		E63C5505861BF6012D4CCFFC /* Pods_Scanner_Plus.framework */ = {isa = PBXFileReference; explicitFileType = wrapper.framework; includeInIndex = 0; path = Pods_Scanner_Plus.framework; sourceTree = BUILT_PRODUCTS_DIR; };
		FF66BE25B492682D94CBFFDE /* Pods-Scanner Plus.release.xcconfig */ = {isa = PBXFileReference; includeInIndex = 1; lastKnownFileType = text.xcconfig; name = "Pods-Scanner Plus.release.xcconfig"; path = "Pods/Target Support Files/Pods-Scanner Plus/Pods-Scanner Plus.release.xcconfig"; sourceTree = "<group>"; };
/* End PBXFileReference section */

/* Begin PBXFrameworksBuildPhase section */
		DFD47FF31FDE56F30064C929 /* Frameworks */ = {
			isa = PBXFrameworksBuildPhase;
			buildActionMask = 2147483647;
			files = (
				CDB1F0E95100E1001BBB0099 /* Pods_Scanner_Plus.framework in Frameworks */,
			);
			runOnlyForDeploymentPostprocessing = 0;
		};
		DFD480071FDE56F40064C929 /* Frameworks */ = {
			isa = PBXFrameworksBuildPhase;
			buildActionMask = 2147483647;
			files = (
			);
			runOnlyForDeploymentPostprocessing = 0;
		};
		DFD480121FDE56F40064C929 /* Frameworks */ = {
			isa = PBXFrameworksBuildPhase;
			buildActionMask = 2147483647;
			files = (
			);
			runOnlyForDeploymentPostprocessing = 0;
		};
/* End PBXFrameworksBuildPhase section */

/* Begin PBXGroup section */
		5545CD9D6C9A4DD779EBDFA6 /* Pods */ = {
			isa = PBXGroup;
			children = (
				685C15F73003A10F15F63934 /* Pods-Scanner Plus.debug.xcconfig */,
				FF66BE25B492682D94CBFFDE /* Pods-Scanner Plus.release.xcconfig */,
			);
			name = Pods;
			sourceTree = "<group>";
		};
		BB45EACF56B6CF87DE218B6E /* Frameworks */ = {
			isa = PBXGroup;
			children = (
				E63C5505861BF6012D4CCFFC /* Pods_Scanner_Plus.framework */,
			);
			name = Frameworks;
			sourceTree = "<group>";
		};
		DFD47FED1FDE56F30064C929 = {
			isa = PBXGroup;
			children = (
				DFD47FF81FDE56F30064C929 /* Scanner Plus */,
				DFD4800D1FDE56F40064C929 /* Scanner PlusTests */,
				DFD480181FDE56F40064C929 /* Scanner PlusUITests */,
				DFD47FF71FDE56F30064C929 /* Products */,
				5545CD9D6C9A4DD779EBDFA6 /* Pods */,
				BB45EACF56B6CF87DE218B6E /* Frameworks */,
			);
			sourceTree = "<group>";
		};
		DFD47FF71FDE56F30064C929 /* Products */ = {
			isa = PBXGroup;
			children = (
				DFD47FF61FDE56F30064C929 /* Scanner Plus.app */,
				DFD4800A1FDE56F40064C929 /* Scanner PlusTests.xctest */,
				DFD480151FDE56F40064C929 /* Scanner PlusUITests.xctest */,
			);
			name = Products;
			sourceTree = "<group>";
		};
		DFD47FF81FDE56F30064C929 /* Scanner Plus */ = {
			isa = PBXGroup;
			children = (
				DFD480291FDE74E70064C929 /* View */,
				DFD480281FDE74DF0064C929 /* ViewController */,
				DFD480271FDE74CF0064C929 /* Model */,
				DFD47FF91FDE56F30064C929 /* AppDelegate.swift */,
				DFD47FFD1FDE56F30064C929 /* Main.storyboard */,
				DFD480001FDE56F30064C929 /* Assets.xcassets */,
				DFD480021FDE56F30064C929 /* LaunchScreen.storyboard */,
				DFD480051FDE56F30064C929 /* Info.plist */,
			);
			path = "Scanner Plus";
			sourceTree = "<group>";
		};
		DFD4800D1FDE56F40064C929 /* Scanner PlusTests */ = {
			isa = PBXGroup;
			children = (
				DFD4800E1FDE56F40064C929 /* Scanner_PlusTests.swift */,
				DFD480101FDE56F40064C929 /* Info.plist */,
			);
			path = "Scanner PlusTests";
			sourceTree = "<group>";
		};
		DFD480181FDE56F40064C929 /* Scanner PlusUITests */ = {
			isa = PBXGroup;
			children = (
				DFD480191FDE56F40064C929 /* Scanner_PlusUITests.swift */,
				DFD4801B1FDE56F40064C929 /* Info.plist */,
			);
			path = "Scanner PlusUITests";
			sourceTree = "<group>";
		};
		DFD480271FDE74CF0064C929 /* Model */ = {
			isa = PBXGroup;
			children = (
			);
			path = Model;
			sourceTree = "<group>";
		};
		DFD480281FDE74DF0064C929 /* ViewController */ = {
			isa = PBXGroup;
			children = (
				DFD4802C1FDE75160064C929 /* BaseViewController.swift */,
				DFD4802A1FDE75010064C929 /* HomeViewController.swift */,
			);
			path = ViewController;
			sourceTree = "<group>";
		};
		DFD480291FDE74E70064C929 /* View */ = {
			isa = PBXGroup;
			children = (
				DFD4802E1FDE75300064C929 /* UITabbar */,
			);
			path = View;
			sourceTree = "<group>";
		};
		DFD4802E1FDE75300064C929 /* UITabbar */ = {
			isa = PBXGroup;
			children = (
				DFD4802F1FDE75640064C929 /* DUTabbarView.swift */,
				DFD480311FDE75740064C929 /* DUTabbarView.xib */,
			);
			path = UITabbar;
			sourceTree = "<group>";
		};
/* End PBXGroup section */

/* Begin PBXNativeTarget section */
		DFD47FF51FDE56F30064C929 /* Scanner Plus */ = {
			isa = PBXNativeTarget;
			buildConfigurationList = DFD4801E1FDE56F40064C929 /* Build configuration list for PBXNativeTarget "Scanner Plus" */;
			buildPhases = (
				605FC7813B09294524BB1B43 /* [CP] Check Pods Manifest.lock */,
				DFD47FF21FDE56F30064C929 /* Sources */,
				DFD47FF31FDE56F30064C929 /* Frameworks */,
				DFD47FF41FDE56F30064C929 /* Resources */,
				AD28C997499E86DE435F6477 /* [CP] Embed Pods Frameworks */,
				12EF360B82A14DBB295DF493 /* [CP] Copy Pods Resources */,
			);
			buildRules = (
			);
			dependencies = (
			);
			name = "Scanner Plus";
			productName = "Scanner Plus";
			productReference = DFD47FF61FDE56F30064C929 /* Scanner Plus.app */;
			productType = "com.apple.product-type.application";
		};
		DFD480091FDE56F40064C929 /* Scanner PlusTests */ = {
			isa = PBXNativeTarget;
			buildConfigurationList = DFD480211FDE56F40064C929 /* Build configuration list for PBXNativeTarget "Scanner PlusTests" */;
			buildPhases = (
				DFD480061FDE56F40064C929 /* Sources */,
				DFD480071FDE56F40064C929 /* Frameworks */,
				DFD480081FDE56F40064C929 /* Resources */,
			);
			buildRules = (
			);
			dependencies = (
				DFD4800C1FDE56F40064C929 /* PBXTargetDependency */,
			);
			name = "Scanner PlusTests";
			productName = "Scanner PlusTests";
			productReference = DFD4800A1FDE56F40064C929 /* Scanner PlusTests.xctest */;
			productType = "com.apple.product-type.bundle.unit-test";
		};
		DFD480141FDE56F40064C929 /* Scanner PlusUITests */ = {
			isa = PBXNativeTarget;
			buildConfigurationList = DFD480241FDE56F40064C929 /* Build configuration list for PBXNativeTarget "Scanner PlusUITests" */;
			buildPhases = (
				DFD480111FDE56F40064C929 /* Sources */,
				DFD480121FDE56F40064C929 /* Frameworks */,
				DFD480131FDE56F40064C929 /* Resources */,
			);
			buildRules = (
			);
			dependencies = (
				DFD480171FDE56F40064C929 /* PBXTargetDependency */,
			);
			name = "Scanner PlusUITests";
			productName = "Scanner PlusUITests";
			productReference = DFD480151FDE56F40064C929 /* Scanner PlusUITests.xctest */;
			productType = "com.apple.product-type.bundle.ui-testing";
		};
/* End PBXNativeTarget section */

/* Begin PBXProject section */
		DFD47FEE1FDE56F30064C929 /* Project object */ = {
			isa = PBXProject;
			attributes = {
				LastSwiftUpdateCheck = 0910;
				LastUpgradeCheck = 0910;
				ORGANIZATIONNAME = TuanNM;
				TargetAttributes = {
					DFD47FF51FDE56F30064C929 = {
						CreatedOnToolsVersion = 9.1;
						ProvisioningStyle = Automatic;
					};
					DFD480091FDE56F40064C929 = {
						CreatedOnToolsVersion = 9.1;
						ProvisioningStyle = Automatic;
						TestTargetID = DFD47FF51FDE56F30064C929;
					};
					DFD480141FDE56F40064C929 = {
						CreatedOnToolsVersion = 9.1;
						ProvisioningStyle = Automatic;
						TestTargetID = DFD47FF51FDE56F30064C929;
					};
				};
			};
			buildConfigurationList = DFD47FF11FDE56F30064C929 /* Build configuration list for PBXProject "Scanner Plus" */;
			compatibilityVersion = "Xcode 8.0";
			developmentRegion = en;
			hasScannedForEncodings = 0;
			knownRegions = (
				en,
				Base,
			);
			mainGroup = DFD47FED1FDE56F30064C929;
			productRefGroup = DFD47FF71FDE56F30064C929 /* Products */;
			projectDirPath = "";
			projectRoot = "";
			targets = (
				DFD47FF51FDE56F30064C929 /* Scanner Plus */,
				DFD480091FDE56F40064C929 /* Scanner PlusTests */,
				DFD480141FDE56F40064C929 /* Scanner PlusUITests */,
			);
		};
/* End PBXProject section */

/* Begin PBXResourcesBuildPhase section */
		DFD47FF41FDE56F30064C929 /* Resources */ = {
			isa = PBXResourcesBuildPhase;
			buildActionMask = 2147483647;
			files = (
				DFD480041FDE56F30064C929 /* LaunchScreen.storyboard in Resources */,
				DFD480011FDE56F30064C929 /* Assets.xcassets in Resources */,
				DFD480321FDE75740064C929 /* DUTabbarView.xib in Resources */,
				DFD47FFF1FDE56F30064C929 /* Main.storyboard in Resources */,
			);
			runOnlyForDeploymentPostprocessing = 0;
		};
		DFD480081FDE56F40064C929 /* Resources */ = {
			isa = PBXResourcesBuildPhase;
			buildActionMask = 2147483647;
			files = (
			);
			runOnlyForDeploymentPostprocessing = 0;
		};
		DFD480131FDE56F40064C929 /* Resources */ = {
			isa = PBXResourcesBuildPhase;
			buildActionMask = 2147483647;
			files = (
			);
			runOnlyForDeploymentPostprocessing = 0;
		};
/* End PBXResourcesBuildPhase section */

/* Begin PBXShellScriptBuildPhase section */
		12EF360B82A14DBB295DF493 /* [CP] Copy Pods Resources */ = {
			isa = PBXShellScriptBuildPhase;
			buildActionMask = 2147483647;
			files = (
			);
			inputPaths = (
			);
			name = "[CP] Copy Pods Resources";
			outputPaths = (
			);
			runOnlyForDeploymentPostprocessing = 0;
			shellPath = /bin/sh;
			shellScript = "\"${SRCROOT}/Pods/Target Support Files/Pods-Scanner Plus/Pods-Scanner Plus-resources.sh\"\n";
			showEnvVarsInLog = 0;
		};
		605FC7813B09294524BB1B43 /* [CP] Check Pods Manifest.lock */ = {
			isa = PBXShellScriptBuildPhase;
			buildActionMask = 2147483647;
			files = (
			);
			inputPaths = (
				"${PODS_PODFILE_DIR_PATH}/Podfile.lock",
				"${PODS_ROOT}/Manifest.lock",
			);
			name = "[CP] Check Pods Manifest.lock";
			outputPaths = (
				"$(DERIVED_FILE_DIR)/Pods-Scanner Plus-checkManifestLockResult.txt",
			);
			runOnlyForDeploymentPostprocessing = 0;
			shellPath = /bin/sh;
			shellScript = "diff \"${PODS_PODFILE_DIR_PATH}/Podfile.lock\" \"${PODS_ROOT}/Manifest.lock\" > /dev/null\nif [ $? != 0 ] ; then\n    # print error to STDERR\n    echo \"error: The sandbox is not in sync with the Podfile.lock. Run 'pod install' or update your CocoaPods installation.\" >&2\n    exit 1\nfi\n# This output is used by Xcode 'outputs' to avoid re-running this script phase.\necho \"SUCCESS\" > \"${SCRIPT_OUTPUT_FILE_0}\"\n";
			showEnvVarsInLog = 0;
		};
		AD28C997499E86DE435F6477 /* [CP] Embed Pods Frameworks */ = {
			isa = PBXShellScriptBuildPhase;
			buildActionMask = 2147483647;
			files = (
			);
			inputPaths = (
				"${SRCROOT}/Pods/Target Support Files/Pods-Scanner Plus/Pods-Scanner Plus-frameworks.sh",
				"${BUILT_PRODUCTS_DIR}/IPDFCameraViewController/IPDFCameraViewController.framework",
			);
			name = "[CP] Embed Pods Frameworks";
			outputPaths = (
				"${TARGET_BUILD_DIR}/${FRAMEWORKS_FOLDER_PATH}/IPDFCameraViewController.framework",
			);
			runOnlyForDeploymentPostprocessing = 0;
			shellPath = /bin/sh;
			shellScript = "\"${SRCROOT}/Pods/Target Support Files/Pods-Scanner Plus/Pods-Scanner Plus-frameworks.sh\"\n";
			showEnvVarsInLog = 0;
		};
/* End PBXShellScriptBuildPhase section */

/* Begin PBXSourcesBuildPhase section */
		DFD47FF21FDE56F30064C929 /* Sources */ = {
			isa = PBXSourcesBuildPhase;
			buildActionMask = 2147483647;
			files = (
				DFD47FFA1FDE56F30064C929 /* AppDelegate.swift in Sources */,
				DFD4802B1FDE75010064C929 /* HomeViewController.swift in Sources */,
				DFD480301FDE75640064C929 /* DUTabbarView.swift in Sources */,
				DFD4802D1FDE75160064C929 /* BaseViewController.swift in Sources */,
			);
			runOnlyForDeploymentPostprocessing = 0;
		};
		DFD480061FDE56F40064C929 /* Sources */ = {
			isa = PBXSourcesBuildPhase;
			buildActionMask = 2147483647;
			files = (
				DFD4800F1FDE56F40064C929 /* Scanner_PlusTests.swift in Sources */,
			);
			runOnlyForDeploymentPostprocessing = 0;
		};
		DFD480111FDE56F40064C929 /* Sources */ = {
			isa = PBXSourcesBuildPhase;
			buildActionMask = 2147483647;
			files = (
				DFD4801A1FDE56F40064C929 /* Scanner_PlusUITests.swift in Sources */,
			);
			runOnlyForDeploymentPostprocessing = 0;
		};
/* End PBXSourcesBuildPhase section */

/* Begin PBXTargetDependency section */
		DFD4800C1FDE56F40064C929 /* PBXTargetDependency */ = {
			isa = PBXTargetDependency;
			target = DFD47FF51FDE56F30064C929 /* Scanner Plus */;
			targetProxy = DFD4800B1FDE56F40064C929 /* PBXContainerItemProxy */;
		};
		DFD480171FDE56F40064C929 /* PBXTargetDependency */ = {
			isa = PBXTargetDependency;
			target = DFD47FF51FDE56F30064C929 /* Scanner Plus */;
			targetProxy = DFD480161FDE56F40064C929 /* PBXContainerItemProxy */;
		};
/* End PBXTargetDependency section */

/* Begin PBXVariantGroup section */
		DFD47FFD1FDE56F30064C929 /* Main.storyboard */ = {
			isa = PBXVariantGroup;
			children = (
				DFD47FFE1FDE56F30064C929 /* Base */,
			);
			name = Main.storyboard;
			sourceTree = "<group>";
		};
		DFD480021FDE56F30064C929 /* LaunchScreen.storyboard */ = {
			isa = PBXVariantGroup;
			children = (
				DFD480031FDE56F30064C929 /* Base */,
			);
			name = LaunchScreen.storyboard;
			sourceTree = "<group>";
		};
/* End PBXVariantGroup section */

/* Begin XCBuildConfiguration section */
		DFD4801C1FDE56F40064C929 /* Debug */ = {
			isa = XCBuildConfiguration;
			buildSettings = {
				ALWAYS_SEARCH_USER_PATHS = NO;
				CLANG_ANALYZER_NONNULL = YES;
				CLANG_ANALYZER_NUMBER_OBJECT_CONVERSION = YES_AGGRESSIVE;
				CLANG_CXX_LANGUAGE_STANDARD = "gnu++14";
				CLANG_CXX_LIBRARY = "libc++";
				CLANG_ENABLE_MODULES = YES;
				CLANG_ENABLE_OBJC_ARC = YES;
				CLANG_WARN_BLOCK_CAPTURE_AUTORELEASING = YES;
				CLANG_WARN_BOOL_CONVERSION = YES;
				CLANG_WARN_COMMA = YES;
				CLANG_WARN_CONSTANT_CONVERSION = YES;
				CLANG_WARN_DIRECT_OBJC_ISA_USAGE = YES_ERROR;
				CLANG_WARN_DOCUMENTATION_COMMENTS = YES;
				CLANG_WARN_EMPTY_BODY = YES;
				CLANG_WARN_ENUM_CONVERSION = YES;
				CLANG_WARN_INFINITE_RECURSION = YES;
				CLANG_WARN_INT_CONVERSION = YES;
				CLANG_WARN_NON_LITERAL_NULL_CONVERSION = YES;
				CLANG_WARN_OBJC_LITERAL_CONVERSION = YES;
				CLANG_WARN_OBJC_ROOT_CLASS = YES_ERROR;
				CLANG_WARN_RANGE_LOOP_ANALYSIS = YES;
				CLANG_WARN_STRICT_PROTOTYPES = YES;
				CLANG_WARN_SUSPICIOUS_MOVE = YES;
				CLANG_WARN_UNGUARDED_AVAILABILITY = YES_AGGRESSIVE;
				CLANG_WARN_UNREACHABLE_CODE = YES;
				CLANG_WARN__DUPLICATE_METHOD_MATCH = YES;
				CODE_SIGN_IDENTITY = "iPhone Developer";
				COPY_PHASE_STRIP = NO;
				DEBUG_INFORMATION_FORMAT = dwarf;
				ENABLE_STRICT_OBJC_MSGSEND = YES;
				ENABLE_TESTABILITY = YES;
				GCC_C_LANGUAGE_STANDARD = gnu11;
				GCC_DYNAMIC_NO_PIC = NO;
				GCC_NO_COMMON_BLOCKS = YES;
				GCC_OPTIMIZATION_LEVEL = 0;
				GCC_PREPROCESSOR_DEFINITIONS = (
					"DEBUG=1",
					"$(inherited)",
				);
				GCC_WARN_64_TO_32_BIT_CONVERSION = YES;
				GCC_WARN_ABOUT_RETURN_TYPE = YES_ERROR;
				GCC_WARN_UNDECLARED_SELECTOR = YES;
				GCC_WARN_UNINITIALIZED_AUTOS = YES_AGGRESSIVE;
				GCC_WARN_UNUSED_FUNCTION = YES;
				GCC_WARN_UNUSED_VARIABLE = YES;
				IPHONEOS_DEPLOYMENT_TARGET = 11.1;
				MTL_ENABLE_DEBUG_INFO = YES;
				ONLY_ACTIVE_ARCH = YES;
				SDKROOT = iphoneos;
				SWIFT_ACTIVE_COMPILATION_CONDITIONS = DEBUG;
				SWIFT_OPTIMIZATION_LEVEL = "-Onone";
			};
			name = Debug;
		};
		DFD4801D1FDE56F40064C929 /* Release */ = {
			isa = XCBuildConfiguration;
			buildSettings = {
				ALWAYS_SEARCH_USER_PATHS = NO;
				CLANG_ANALYZER_NONNULL = YES;
				CLANG_ANALYZER_NUMBER_OBJECT_CONVERSION = YES_AGGRESSIVE;
				CLANG_CXX_LANGUAGE_STANDARD = "gnu++14";
				CLANG_CXX_LIBRARY = "libc++";
				CLANG_ENABLE_MODULES = YES;
				CLANG_ENABLE_OBJC_ARC = YES;
				CLANG_WARN_BLOCK_CAPTURE_AUTORELEASING = YES;
				CLANG_WARN_BOOL_CONVERSION = YES;
				CLANG_WARN_COMMA = YES;
				CLANG_WARN_CONSTANT_CONVERSION = YES;
				CLANG_WARN_DIRECT_OBJC_ISA_USAGE = YES_ERROR;
				CLANG_WARN_DOCUMENTATION_COMMENTS = YES;
				CLANG_WARN_EMPTY_BODY = YES;
				CLANG_WARN_ENUM_CONVERSION = YES;
				CLANG_WARN_INFINITE_RECURSION = YES;
				CLANG_WARN_INT_CONVERSION = YES;
				CLANG_WARN_NON_LITERAL_NULL_CONVERSION = YES;
				CLANG_WARN_OBJC_LITERAL_CONVERSION = YES;
				CLANG_WARN_OBJC_ROOT_CLASS = YES_ERROR;
				CLANG_WARN_RANGE_LOOP_ANALYSIS = YES;
				CLANG_WARN_STRICT_PROTOTYPES = YES;
				CLANG_WARN_SUSPICIOUS_MOVE = YES;
				CLANG_WARN_UNGUARDED_AVAILABILITY = YES_AGGRESSIVE;
				CLANG_WARN_UNREACHABLE_CODE = YES;
				CLANG_WARN__DUPLICATE_METHOD_MATCH = YES;
				CODE_SIGN_IDENTITY = "iPhone Developer";
				COPY_PHASE_STRIP = NO;
				DEBUG_INFORMATION_FORMAT = "dwarf-with-dsym";
				ENABLE_NS_ASSERTIONS = NO;
				ENABLE_STRICT_OBJC_MSGSEND = YES;
				GCC_C_LANGUAGE_STANDARD = gnu11;
				GCC_NO_COMMON_BLOCKS = YES;
				GCC_WARN_64_TO_32_BIT_CONVERSION = YES;
				GCC_WARN_ABOUT_RETURN_TYPE = YES_ERROR;
				GCC_WARN_UNDECLARED_SELECTOR = YES;
				GCC_WARN_UNINITIALIZED_AUTOS = YES_AGGRESSIVE;
				GCC_WARN_UNUSED_FUNCTION = YES;
				GCC_WARN_UNUSED_VARIABLE = YES;
				IPHONEOS_DEPLOYMENT_TARGET = 11.1;
				MTL_ENABLE_DEBUG_INFO = NO;
				SDKROOT = iphoneos;
				SWIFT_OPTIMIZATION_LEVEL = "-Owholemodule";
				VALIDATE_PRODUCT = YES;
			};
			name = Release;
		};
		DFD4801F1FDE56F40064C929 /* Debug */ = {
			isa = XCBuildConfiguration;
			baseConfigurationReference = 685C15F73003A10F15F63934 /* Pods-Scanner Plus.debug.xcconfig */;
			buildSettings = {
				ASSETCATALOG_COMPILER_APPICON_NAME = AppIcon;
				CODE_SIGN_STYLE = Automatic;
				DEVELOPMENT_TEAM = USQFGC88U6;
				INFOPLIST_FILE = "Scanner Plus/Info.plist";
				IPHONEOS_DEPLOYMENT_TARGET = 9.0;
				LD_RUNPATH_SEARCH_PATHS = "$(inherited) @executable_path/Frameworks";
				PRODUCT_BUNDLE_IDENTIFIER = "com.dream.Scanner-Plus";
				PRODUCT_NAME = "$(TARGET_NAME)";
				SWIFT_VERSION = 4.0;
				TARGETED_DEVICE_FAMILY = "1,2";
			};
			name = Debug;
		};
		DFD480201FDE56F40064C929 /* Release */ = {
			isa = XCBuildConfiguration;
			baseConfigurationReference = FF66BE25B492682D94CBFFDE /* Pods-Scanner Plus.release.xcconfig */;
			buildSettings = {
				ASSETCATALOG_COMPILER_APPICON_NAME = AppIcon;
				CODE_SIGN_STYLE = Automatic;
				DEVELOPMENT_TEAM = USQFGC88U6;
				INFOPLIST_FILE = "Scanner Plus/Info.plist";
				IPHONEOS_DEPLOYMENT_TARGET = 9.0;
				LD_RUNPATH_SEARCH_PATHS = "$(inherited) @executable_path/Frameworks";
				PRODUCT_BUNDLE_IDENTIFIER = "com.dream.Scanner-Plus";
				PRODUCT_NAME = "$(TARGET_NAME)";
				SWIFT_VERSION = 4.0;
				TARGETED_DEVICE_FAMILY = "1,2";
			};
			name = Release;
		};
		DFD480221FDE56F40064C929 /* Debug */ = {
			isa = XCBuildConfiguration;
			buildSettings = {
				ALWAYS_EMBED_SWIFT_STANDARD_LIBRARIES = YES;
				BUNDLE_LOADER = "$(TEST_HOST)";
				CODE_SIGN_STYLE = Automatic;
				DEVELOPMENT_TEAM = USQFGC88U6;
				INFOPLIST_FILE = "Scanner PlusTests/Info.plist";
				LD_RUNPATH_SEARCH_PATHS = "$(inherited) @executable_path/Frameworks @loader_path/Frameworks";
				PRODUCT_BUNDLE_IDENTIFIER = "com.dream.Scanner-PlusTests";
				PRODUCT_NAME = "$(TARGET_NAME)";
				SWIFT_VERSION = 4.0;
				TARGETED_DEVICE_FAMILY = "1,2";
				TEST_HOST = "$(BUILT_PRODUCTS_DIR)/Scanner Plus.app/Scanner Plus";
			};
			name = Debug;
		};
		DFD480231FDE56F40064C929 /* Release */ = {
			isa = XCBuildConfiguration;
			buildSettings = {
				ALWAYS_EMBED_SWIFT_STANDARD_LIBRARIES = YES;
				BUNDLE_LOADER = "$(TEST_HOST)";
				CODE_SIGN_STYLE = Automatic;
				DEVELOPMENT_TEAM = USQFGC88U6;
				INFOPLIST_FILE = "Scanner PlusTests/Info.plist";
				LD_RUNPATH_SEARCH_PATHS = "$(inherited) @executable_path/Frameworks @loader_path/Frameworks";
				PRODUCT_BUNDLE_IDENTIFIER = "com.dream.Scanner-PlusTests";
				PRODUCT_NAME = "$(TARGET_NAME)";
				SWIFT_VERSION = 4.0;
				TARGETED_DEVICE_FAMILY = "1,2";
				TEST_HOST = "$(BUILT_PRODUCTS_DIR)/Scanner Plus.app/Scanner Plus";
			};
			name = Release;
		};
		DFD480251FDE56F40064C929 /* Debug */ = {
			isa = XCBuildConfiguration;
			buildSettings = {
				ALWAYS_EMBED_SWIFT_STANDARD_LIBRARIES = YES;
				CODE_SIGN_STYLE = Automatic;
				DEVELOPMENT_TEAM = USQFGC88U6;
				INFOPLIST_FILE = "Scanner PlusUITests/Info.plist";
				LD_RUNPATH_SEARCH_PATHS = "$(inherited) @executable_path/Frameworks @loader_path/Frameworks";
				PRODUCT_BUNDLE_IDENTIFIER = "com.dream.Scanner-PlusUITests";
				PRODUCT_NAME = "$(TARGET_NAME)";
				SWIFT_VERSION = 4.0;
				TARGETED_DEVICE_FAMILY = "1,2";
				TEST_TARGET_NAME = "Scanner Plus";
			};
			name = Debug;
		};
		DFD480261FDE56F40064C929 /* Release */ = {
			isa = XCBuildConfiguration;
			buildSettings = {
				ALWAYS_EMBED_SWIFT_STANDARD_LIBRARIES = YES;
				CODE_SIGN_STYLE = Automatic;
				DEVELOPMENT_TEAM = USQFGC88U6;
				INFOPLIST_FILE = "Scanner PlusUITests/Info.plist";
				LD_RUNPATH_SEARCH_PATHS = "$(inherited) @executable_path/Frameworks @loader_path/Frameworks";
				PRODUCT_BUNDLE_IDENTIFIER = "com.dream.Scanner-PlusUITests";
				PRODUCT_NAME = "$(TARGET_NAME)";
				SWIFT_VERSION = 4.0;
				TARGETED_DEVICE_FAMILY = "1,2";
				TEST_TARGET_NAME = "Scanner Plus";
			};
			name = Release;
		};
/* End XCBuildConfiguration section */

/* Begin XCConfigurationList section */
		DFD47FF11FDE56F30064C929 /* Build configuration list for PBXProject "Scanner Plus" */ = {
			isa = XCConfigurationList;
			buildConfigurations = (
				DFD4801C1FDE56F40064C929 /* Debug */,
				DFD4801D1FDE56F40064C929 /* Release */,
			);
			defaultConfigurationIsVisible = 0;
			defaultConfigurationName = Release;
		};
		DFD4801E1FDE56F40064C929 /* Build configuration list for PBXNativeTarget "Scanner Plus" */ = {
			isa = XCConfigurationList;
			buildConfigurations = (
				DFD4801F1FDE56F40064C929 /* Debug */,
				DFD480201FDE56F40064C929 /* Release */,
			);
			defaultConfigurationIsVisible = 0;
			defaultConfigurationName = Release;
		};
		DFD480211FDE56F40064C929 /* Build configuration list for PBXNativeTarget "Scanner PlusTests" */ = {
			isa = XCConfigurationList;
			buildConfigurations = (
				DFD480221FDE56F40064C929 /* Debug */,
				DFD480231FDE56F40064C929 /* Release */,
			);
			defaultConfigurationIsVisible = 0;
			defaultConfigurationName = Release;
		};
		DFD480241FDE56F40064C929 /* Build configuration list for PBXNativeTarget "Scanner PlusUITests" */ = {
			isa = XCConfigurationList;
			buildConfigurations = (
				DFD480251FDE56F40064C929 /* Debug */,
				DFD480261FDE56F40064C929 /* Release */,
			);
			defaultConfigurationIsVisible = 0;
			defaultConfigurationName = Release;
		};
/* End XCConfigurationList section */
	};
	rootObject = DFD47FEE1FDE56F30064C929 /* Project object */;
}
